
Microsoft Visual Studio Solution File, Format Version 12.00
# Visual Studio Version 17
VisualStudioVersion = 17.11.35222.181
MinimumVisualStudioVersion = 10.0.40219.1
Project("{FAE04EC0-301F-11D3-BF4B-00C04F79EFBC}") = "InlämningSalonn", "InlämningSalonn.csproj", "{0FADE808-8177-4904-98BB-E99E1D2C751A}"
EndProject
Global
	GlobalSection(SolutionConfigurationPlatforms) = preSolution
		Debug|Any CPU = Debug|Any CPU
		Release|Any CPU = Release|Any CPU
	EndGlobalSection
	GlobalSection(ProjectConfigurationPlatforms) = postSolution
		{0FADE808-8177-4904-98BB-E99E1D2C751A}.Debug|Any CPU.ActiveCfg = Debug|Any CPU
		{0FADE808-8177-4904-98BB-E99E1D2C751A}.Debug|Any CPU.Build.0 = Debug|Any CPU
		{0FADE808-8177-4904-98BB-E99E1D2C751A}.Release|Any CPU.ActiveCfg = Release|Any CPU
		{0FADE808-8177-4904-98BB-E99E1D2C751A}.Release|Any CPU.Build.0 = Release|Any CPU
	EndGlobalSection
	GlobalSection(SolutionProperties) = preSolution
		HideSolutionNode = FALSE
	EndGlobalSection
	GlobalSection(ExtensibilityGlobals) = postSolution
		SolutionGuid = {9334CC67-C9E3-435F-BDF5-37E61E4A37BA}
	EndGlobalSection
EndGlobal
